// !$*UTF8*$!
{
	archiveVersion = 1;
	classes = {
	};
	objectVersion = 56;
	objects = {

/* Begin PBXBuildFile section */
		4B24BDAC2B068310008DCA88 /* MaxAssignmentApp.swift in Sources */ = {isa = PBXBuildFile; fileRef = 4B24BDAB2B068310008DCA88 /* MaxAssignmentApp.swift */; };
		4B24BDAE2B068310008DCA88 /* ContentView.swift in Sources */ = {isa = PBXBuildFile; fileRef = 4B24BDAD2B068310008DCA88 /* ContentView.swift */; };
		4B24BDB02B068311008DCA88 /* Assets.xcassets in Resources */ = {isa = PBXBuildFile; fileRef = 4B24BDAF2B068311008DCA88 /* Assets.xcassets */; };
		4B24BDB32B068311008DCA88 /* Preview Assets.xcassets in Resources */ = {isa = PBXBuildFile; fileRef = 4B24BDB22B068311008DCA88 /* Preview Assets.xcassets */; };
		4B24BDBD2B068311008DCA88 /* MaxAssignmentTests.swift in Sources */ = {isa = PBXBuildFile; fileRef = 4B24BDBC2B068311008DCA88 /* MaxAssignmentTests.swift */; };
		4B24BDC72B068311008DCA88 /* MaxAssignmentUITests.swift in Sources */ = {isa = PBXBuildFile; fileRef = 4B24BDC62B068311008DCA88 /* MaxAssignmentUITests.swift */; };
		4B24BDC92B068311008DCA88 /* MaxAssignmentUITestsLaunchTests.swift in Sources */ = {isa = PBXBuildFile; fileRef = 4B24BDC82B068311008DCA88 /* MaxAssignmentUITestsLaunchTests.swift */; };
/* End PBXBuildFile section */

/* Begin PBXContainerItemProxy section */
		4B24BDB92B068311008DCA88 /* PBXContainerItemProxy */ = {
			isa = PBXContainerItemProxy;
			containerPortal = 4B24BDA02B068310008DCA88 /* Project object */;
			proxyType = 1;
			remoteGlobalIDString = 4B24BDA72B068310008DCA88;
			remoteInfo = MaxAssignment;
		};
		4B24BDC32B068311008DCA88 /* PBXContainerItemProxy */ = {
			isa = PBXContainerItemProxy;
			containerPortal = 4B24BDA02B068310008DCA88 /* Project object */;
			proxyType = 1;
			remoteGlobalIDString = 4B24BDA72B068310008DCA88;
			remoteInfo = MaxAssignment;
		};
/* End PBXContainerItemProxy section */

/* Begin PBXFileReference section */
		4B24BDA82B068310008DCA88 /* MaxAssignment.app */ = {isa = PBXFileReference; explicitFileType = wrapper.application; includeInIndex = 0; path = MaxAssignment.app; sourceTree = BUILT_PRODUCTS_DIR; };
		4B24BDAB2B068310008DCA88 /* MaxAssignmentApp.swift */ = {isa = PBXFileReference; lastKnownFileType = sourcecode.swift; path = MaxAssignmentApp.swift; sourceTree = "<group>"; };
		4B24BDAD2B068310008DCA88 /* ContentView.swift */ = {isa = PBXFileReference; lastKnownFileType = sourcecode.swift; path = ContentView.swift; sourceTree = "<group>"; };
		4B24BDAF2B068311008DCA88 /* Assets.xcassets */ = {isa = PBXFileReference; lastKnownFileType = folder.assetcatalog; path = Assets.xcassets; sourceTree = "<group>"; };
		4B24BDB22B068311008DCA88 /* Preview Assets.xcassets */ = {isa = PBXFileReference; lastKnownFileType = folder.assetcatalog; path = "Preview Assets.xcassets"; sourceTree = "<group>"; };
		4B24BDB82B068311008DCA88 /* MaxAssignmentTests.xctest */ = {isa = PBXFileReference; explicitFileType = wrapper.cfbundle; includeInIndex = 0; path = MaxAssignmentTests.xctest; sourceTree = BUILT_PRODUCTS_DIR; };
		4B24BDBC2B068311008DCA88 /* MaxAssignmentTests.swift */ = {isa = PBXFileReference; lastKnownFileType = sourcecode.swift; path = MaxAssignmentTests.swift; sourceTree = "<group>"; };
		4B24BDC22B068311008DCA88 /* MaxAssignmentUITests.xctest */ = {isa = PBXFileReference; explicitFileType = wrapper.cfbundle; includeInIndex = 0; path = MaxAssignmentUITests.xctest; sourceTree = BUILT_PRODUCTS_DIR; };
		4B24BDC62B068311008DCA88 /* MaxAssignmentUITests.swift */ = {isa = PBXFileReference; lastKnownFileType = sourcecode.swift; path = MaxAssignmentUITests.swift; sourceTree = "<group>"; };
		4B24BDC82B068311008DCA88 /* MaxAssignmentUITestsLaunchTests.swift */ = {isa = PBXFileReference; lastKnownFileType = sourcecode.swift; path = MaxAssignmentUITestsLaunchTests.swift; sourceTree = "<group>"; };
/* End PBXFileReference section */

/* Begin PBXFrameworksBuildPhase section */
		4B24BDA52B068310008DCA88 /* Frameworks */ = {
			isa = PBXFrameworksBuildPhase;
			buildActionMask = 2147483647;
			files = (
			);
			runOnlyForDeploymentPostprocessing = 0;
		};
		4B24BDB52B068311008DCA88 /* Frameworks */ = {
			isa = PBXFrameworksBuildPhase;
			buildActionMask = 2147483647;
			files = (
			);
			runOnlyForDeploymentPostprocessing = 0;
		};
		4B24BDBF2B068311008DCA88 /* Frameworks */ = {
			isa = PBXFrameworksBuildPhase;
			buildActionMask = 2147483647;
			files = (
			);
			runOnlyForDeploymentPostprocessing = 0;
		};
/* End PBXFrameworksBuildPhase section */

/* Begin PBXGroup section */
		4B24BD9F2B068310008DCA88 = {
			isa = PBXGroup;
			children = (
				4B24BDAA2B068310008DCA88 /* MaxAssignment */,
				4B24BDBB2B068311008DCA88 /* MaxAssignmentTests */,
				4B24BDC52B068311008DCA88 /* MaxAssignmentUITests */,
				4B24BDA92B068310008DCA88 /* Products */,
			);
			sourceTree = "<group>";
		};
		4B24BDA92B068310008DCA88 /* Products */ = {
			isa = PBXGroup;
			children = (
				4B24BDA82B068310008DCA88 /* MaxAssignment.app */,
				4B24BDB82B068311008DCA88 /* MaxAssignmentTests.xctest */,
				4B24BDC22B068311008DCA88 /* MaxAssignmentUITests.xctest */,
			);
			name = Products;
			sourceTree = "<group>";
		};
		4B24BDAA2B068310008DCA88 /* MaxAssignment */ = {
			isa = PBXGroup;
			children = (
				4B24BDAB2B068310008DCA88 /* MaxAssignmentApp.swift */,
				4B24BDAD2B068310008DCA88 /* ContentView.swift */,
				4B24BDAF2B068311008DCA88 /* Assets.xcassets */,
				4B24BDB12B068311008DCA88 /* Preview Content */,
			);
			path = MaxAssignment;
			sourceTree = "<group>";
		};
		4B24BDB12B068311008DCA88 /* Preview Content */ = {
			isa = PBXGroup;
			children = (
				4B24BDB22B068311008DCA88 /* Preview Assets.xcassets */,
			);
			path = "Preview Content";
			sourceTree = "<group>";
		};
		4B24BDBB2B068311008DCA88 /* MaxAssignmentTests */ = {
			isa = PBXGroup;
			children = (
				4B24BDBC2B068311008DCA88 /* MaxAssignmentTests.swift */,
			);
			path = MaxAssignmentTests;
			sourceTree = "<group>";
		};
		4B24BDC52B068311008DCA88 /* MaxAssignmentUITests */ = {
			isa = PBXGroup;
			children = (
				4B24BDC62B068311008DCA88 /* MaxAssignmentUITests.swift */,
				4B24BDC82B068311008DCA88 /* MaxAssignmentUITestsLaunchTests.swift */,
			);
			path = MaxAssignmentUITests;
			sourceTree = "<group>";
		};
/* End PBXGroup section */

/* Begin PBXNativeTarget section */
		4B24BDA72B068310008DCA88 /* MaxAssignment */ = {
			isa = PBXNativeTarget;
			buildConfigurationList = 4B24BDCC2B068311008DCA88 /* Build configuration list for PBXNativeTarget "MaxAssignment" */;
			buildPhases = (
				4B24BDA42B068310008DCA88 /* Sources */,
				4B24BDA52B068310008DCA88 /* Frameworks */,
				4B24BDA62B068310008DCA88 /* Resources */,
			);
			buildRules = (
			);
			dependencies = (
			);
			name = MaxAssignment;
			productName = MaxAssignment;
			productReference = 4B24BDA82B068310008DCA88 /* MaxAssignment.app */;
			productType = "com.apple.product-type.application";
		};
		4B24BDB72B068311008DCA88 /* MaxAssignmentTests */ = {
			isa = PBXNativeTarget;
			buildConfigurationList = 4B24BDCF2B068311008DCA88 /* Build configuration list for PBXNativeTarget "MaxAssignmentTests" */;
			buildPhases = (
				4B24BDB42B068311008DCA88 /* Sources */,
				4B24BDB52B068311008DCA88 /* Frameworks */,
				4B24BDB62B068311008DCA88 /* Resources */,
			);
			buildRules = (
			);
			dependencies = (
				4B24BDBA2B068311008DCA88 /* PBXTargetDependency */,
			);
			name = MaxAssignmentTests;
			productName = MaxAssignmentTests;
			productReference = 4B24BDB82B068311008DCA88 /* MaxAssignmentTests.xctest */;
			productType = "com.apple.product-type.bundle.unit-test";
		};
		4B24BDC12B068311008DCA88 /* MaxAssignmentUITests */ = {
			isa = PBXNativeTarget;
			buildConfigurationList = 4B24BDD22B068311008DCA88 /* Build configuration list for PBXNativeTarget "MaxAssignmentUITests" */;
			buildPhases = (
				4B24BDBE2B068311008DCA88 /* Sources */,
				4B24BDBF2B068311008DCA88 /* Frameworks */,
				4B24BDC02B068311008DCA88 /* Resources */,
			);
			buildRules = (
			);
			dependencies = (
				4B24BDC42B068311008DCA88 /* PBXTargetDependency */,
			);
			name = MaxAssignmentUITests;
			productName = MaxAssignmentUITests;
			productReference = 4B24BDC22B068311008DCA88 /* MaxAssignmentUITests.xctest */;
			productType = "com.apple.product-type.bundle.ui-testing";
		};
/* End PBXNativeTarget section */

/* Begin PBXProject section */
		4B24BDA02B068310008DCA88 /* Project object */ = {
			isa = PBXProject;
			attributes = {
				BuildIndependentTargetsInParallel = 1;
				LastSwiftUpdateCheck = 1430;
				LastUpgradeCheck = 1430;
				TargetAttributes = {
					4B24BDA72B068310008DCA88 = {
						CreatedOnToolsVersion = 14.3.1;
					};
					4B24BDB72B068311008DCA88 = {
						CreatedOnToolsVersion = 14.3.1;
						TestTargetID = 4B24BDA72B068310008DCA88;
					};
					4B24BDC12B068311008DCA88 = {
						CreatedOnToolsVersion = 14.3.1;
						TestTargetID = 4B24BDA72B068310008DCA88;
					};
				};
			};
			buildConfigurationList = 4B24BDA32B068310008DCA88 /* Build configuration list for PBXProject "MaxAssignment" */;
			compatibilityVersion = "Xcode 14.0";
			developmentRegion = en;
			hasScannedForEncodings = 0;
			knownRegions = (
				en,
				Base,
			);
			mainGroup = 4B24BD9F2B068310008DCA88;
			productRefGroup = 4B24BDA92B068310008DCA88 /* Products */;
			projectDirPath = "";
			projectRoot = "";
			targets = (
				4B24BDA72B068310008DCA88 /* MaxAssignment */,
				4B24BDB72B068311008DCA88 /* MaxAssignmentTests */,
				4B24BDC12B068311008DCA88 /* MaxAssignmentUITests */,
			);
		};
/* End PBXProject section */

/* Begin PBXResourcesBuildPhase section */
		4B24BDA62B068310008DCA88 /* Resources */ = {
			isa = PBXResourcesBuildPhase;
			buildActionMask = 2147483647;
			files = (
				4B24BDB32B068311008DCA88 /* Preview Assets.xcassets in Resources */,
				4B24BDB02B068311008DCA88 /* Assets.xcassets in Resources */,
			);
			runOnlyForDeploymentPostprocessing = 0;
		};
		4B24BDB62B068311008DCA88 /* Resources */ = {
			isa = PBXResourcesBuildPhase;
			buildActionMask = 2147483647;
			files = (
			);
			runOnlyForDeploymentPostprocessing = 0;
		};
		4B24BDC02B068311008DCA88 /* Resources */ = {
			isa = PBXResourcesBuildPhase;
			buildActionMask = 2147483647;
			files = (
			);
			runOnlyForDeploymentPostprocessing = 0;
		};
/* End PBXResourcesBuildPhase section */

/* Begin PBXSourcesBuildPhase section */
		4B24BDA42B068310008DCA88 /* Sources */ = {
			isa = PBXSourcesBuildPhase;
			buildActionMask = 2147483647;
			files = (
				4B24BDAE2B068310008DCA88 /* ContentView.swift in Sources */,
				4B24BDAC2B068310008DCA88 /* MaxAssignmentApp.swift in Sources */,
			);
			runOnlyForDeploymentPostprocessing = 0;
		};
		4B24BDB42B068311008DCA88 /* Sources */ = {
			isa = PBXSourcesBuildPhase;
			buildActionMask = 2147483647;
			files = (
				4B24BDBD2B068311008DCA88 /* MaxAssignmentTests.swift in Sources */,
			);
			runOnlyForDeploymentPostprocessing = 0;
		};
		4B24BDBE2B068311008DCA88 /* Sources */ = {
			isa = PBXSourcesBuildPhase;
			buildActionMask = 2147483647;
			files = (
				4B24BDC92B068311008DCA88 /* MaxAssignmentUITestsLaunchTests.swift in Sources */,
				4B24BDC72B068311008DCA88 /* MaxAssignmentUITests.swift in Sources */,
			);
			runOnlyForDeploymentPostprocessing = 0;
		};
/* End PBXSourcesBuildPhase section */

/* Begin PBXTargetDependency section */
		4B24BDBA2B068311008DCA88 /* PBXTargetDependency */ = {
			isa = PBXTargetDependency;
			target = 4B24BDA72B068310008DCA88 /* MaxAssignment */;
			targetProxy = 4B24BDB92B068311008DCA88 /* PBXContainerItemProxy */;
		};
		4B24BDC42B068311008DCA88 /* PBXTargetDependency */ = {
			isa = PBXTargetDependency;
			target = 4B24BDA72B068310008DCA88 /* MaxAssignment */;
			targetProxy = 4B24BDC32B068311008DCA88 /* PBXContainerItemProxy */;
		};
/* End PBXTargetDependency section */

/* Begin XCBuildConfiguration section */
		4B24BDCA2B068311008DCA88 /* Debug */ = {
			isa = XCBuildConfiguration;
			buildSettings = {
				ALWAYS_SEARCH_USER_PATHS = NO;
				CLANG_ANALYZER_NONNULL = YES;
				CLANG_ANALYZER_NUMBER_OBJECT_CONVERSION = YES_AGGRESSIVE;
				CLANG_CXX_LANGUAGE_STANDARD = "gnu++20";
				CLANG_ENABLE_MODULES = YES;
				CLANG_ENABLE_OBJC_ARC = YES;
				CLANG_ENABLE_OBJC_WEAK = YES;
				CLANG_WARN_BLOCK_CAPTURE_AUTORELEASING = YES;
				CLANG_WARN_BOOL_CONVERSION = YES;
				CLANG_WARN_COMMA = YES;
				CLANG_WARN_CONSTANT_CONVERSION = YES;
				CLANG_WARN_DEPRECATED_OBJC_IMPLEMENTATIONS = YES;
				CLANG_WARN_DIRECT_OBJC_ISA_USAGE = YES_ERROR;
				CLANG_WARN_DOCUMENTATION_COMMENTS = YES;
				CLANG_WARN_EMPTY_BODY = YES;
				CLANG_WARN_ENUM_CONVERSION = YES;
				CLANG_WARN_INFINITE_RECURSION = YES;
				CLANG_WARN_INT_CONVERSION = YES;
				CLANG_WARN_NON_LITERAL_NULL_CONVERSION = YES;
				CLANG_WARN_OBJC_IMPLICIT_RETAIN_SELF = YES;
				CLANG_WARN_OBJC_LITERAL_CONVERSION = YES;
				CLANG_WARN_OBJC_ROOT_CLASS = YES_ERROR;
				CLANG_WARN_QUOTED_INCLUDE_IN_FRAMEWORK_HEADER = YES;
				CLANG_WARN_RANGE_LOOP_ANALYSIS = YES;
				CLANG_WARN_STRICT_PROTOTYPES = YES;
				CLANG_WARN_SUSPICIOUS_MOVE = YES;
				CLANG_WARN_UNGUARDED_AVAILABILITY = YES_AGGRESSIVE;
				CLANG_WARN_UNREACHABLE_CODE = YES;
				CLANG_WARN__DUPLICATE_METHOD_MATCH = YES;
				COPY_PHASE_STRIP = NO;
				DEBUG_INFORMATION_FORMAT = dwarf;
				ENABLE_STRICT_OBJC_MSGSEND = YES;
				ENABLE_TESTABILITY = YES;
				GCC_C_LANGUAGE_STANDARD = gnu11;
				GCC_DYNAMIC_NO_PIC = NO;
				GCC_NO_COMMON_BLOCKS = YES;
				GCC_OPTIMIZATION_LEVEL = 0;
				GCC_PREPROCESSOR_DEFINITIONS = (
					"DEBUG=1",
					"$(inherited)",
				);
				GCC_WARN_64_TO_32_BIT_CONVERSION = YES;
				GCC_WARN_ABOUT_RETURN_TYPE = YES_ERROR;
				GCC_WARN_UNDECLARED_SELECTOR = YES;
				GCC_WARN_UNINITIALIZED_AUTOS = YES_AGGRESSIVE;
				GCC_WARN_UNUSED_FUNCTION = YES;
				GCC_WARN_UNUSED_VARIABLE = YES;
				IPHONEOS_DEPLOYMENT_TARGET = 16.4;
				MTL_ENABLE_DEBUG_INFO = INCLUDE_SOURCE;
				MTL_FAST_MATH = YES;
				ONLY_ACTIVE_ARCH = YES;
				SDKROOT = iphoneos;
				SWIFT_ACTIVE_COMPILATION_CONDITIONS = DEBUG;
				SWIFT_OPTIMIZATION_LEVEL = "-Onone";
			};
			name = Debug;
		};
		4B24BDCB2B068311008DCA88 /* Release */ = {
			isa = XCBuildConfiguration;
			buildSettings = {
				ALWAYS_SEARCH_USER_PATHS = NO;
				CLANG_ANALYZER_NONNULL = YES;
				CLANG_ANALYZER_NUMBER_OBJECT_CONVERSION = YES_AGGRESSIVE;
				CLANG_CXX_LANGUAGE_STANDARD = "gnu++20";
				CLANG_ENABLE_MODULES = YES;
				CLANG_ENABLE_OBJC_ARC = YES;
				CLANG_ENABLE_OBJC_WEAK = YES;
				CLANG_WARN_BLOCK_CAPTURE_AUTORELEASING = YES;
				CLANG_WARN_BOOL_CONVERSION = YES;
				CLANG_WARN_COMMA = YES;
				CLANG_WARN_CONSTANT_CONVERSION = YES;
				CLANG_WARN_DEPRECATED_OBJC_IMPLEMENTATIONS = YES;
				CLANG_WARN_DIRECT_OBJC_ISA_USAGE = YES_ERROR;
				CLANG_WARN_DOCUMENTATION_COMMENTS = YES;
				CLANG_WARN_EMPTY_BODY = YES;
				CLANG_WARN_ENUM_CONVERSION = YES;
				CLANG_WARN_INFINITE_RECURSION = YES;
				CLANG_WARN_INT_CONVERSION = YES;
				CLANG_WARN_NON_LITERAL_NULL_CONVERSION = YES;
				CLANG_WARN_OBJC_IMPLICIT_RETAIN_SELF = YES;
				CLANG_WARN_OBJC_LITERAL_CONVERSION = YES;
				CLANG_WARN_OBJC_ROOT_CLASS = YES_ERROR;
				CLANG_WARN_QUOTED_INCLUDE_IN_FRAMEWORK_HEADER = YES;
				CLANG_WARN_RANGE_LOOP_ANALYSIS = YES;
				CLANG_WARN_STRICT_PROTOTYPES = YES;
				CLANG_WARN_SUSPICIOUS_MOVE = YES;
				CLANG_WARN_UNGUARDED_AVAILABILITY = YES_AGGRESSIVE;
				CLANG_WARN_UNREACHABLE_CODE = YES;
				CLANG_WARN__DUPLICATE_METHOD_MATCH = YES;
				COPY_PHASE_STRIP = NO;
				DEBUG_INFORMATION_FORMAT = "dwarf-with-dsym";
				ENABLE_NS_ASSERTIONS = NO;
				ENABLE_STRICT_OBJC_MSGSEND = YES;
				GCC_C_LANGUAGE_STANDARD = gnu11;
				GCC_NO_COMMON_BLOCKS = YES;
				GCC_WARN_64_TO_32_BIT_CONVERSION = YES;
				GCC_WARN_ABOUT_RETURN_TYPE = YES_ERROR;
				GCC_WARN_UNDECLARED_SELECTOR = YES;
				GCC_WARN_UNINITIALIZED_AUTOS = YES_AGGRESSIVE;
				GCC_WARN_UNUSED_FUNCTION = YES;
				GCC_WARN_UNUSED_VARIABLE = YES;
				IPHONEOS_DEPLOYMENT_TARGET = 16.4;
				MTL_ENABLE_DEBUG_INFO = NO;
				MTL_FAST_MATH = YES;
				SDKROOT = iphoneos;
				SWIFT_COMPILATION_MODE = wholemodule;
				SWIFT_OPTIMIZATION_LEVEL = "-O";
				VALIDATE_PRODUCT = YES;
			};
			name = Release;
		};
		4B24BDCD2B068311008DCA88 /* Debug */ = {
			isa = XCBuildConfiguration;
			buildSettings = {
				ASSETCATALOG_COMPILER_APPICON_NAME = AppIcon;
				ASSETCATALOG_COMPILER_GLOBAL_ACCENT_COLOR_NAME = AccentColor;
				CODE_SIGN_STYLE = Automatic;
				CURRENT_PROJECT_VERSION = 1;
				DEVELOPMENT_ASSET_PATHS = "\"MaxAssignment/Preview Content\"";
				ENABLE_PREVIEWS = YES;
				GENERATE_INFOPLIST_FILE = YES;
				INFOPLIST_KEY_UIApplicationSceneManifest_Generation = YES;
				INFOPLIST_KEY_UIApplicationSupportsIndirectInputEvents = YES;
				INFOPLIST_KEY_UILaunchScreen_Generation = YES;
				INFOPLIST_KEY_UISupportedInterfaceOrientations_iPad = "UIInterfaceOrientationPortrait UIInterfaceOrientationPortraitUpsideDown UIInterfaceOrientationLandscapeLeft UIInterfaceOrientationLandscapeRight";
				INFOPLIST_KEY_UISupportedInterfaceOrientations_iPhone = "UIInterfaceOrientationPortrait UIInterfaceOrientationLandscapeLeft UIInterfaceOrientationLandscapeRight";
				LD_RUNPATH_SEARCH_PATHS = (
					"$(inherited)",
					"@executable_path/Frameworks",
				);
				MARKETING_VERSION = 1.0;
				PRODUCT_BUNDLE_IDENTIFIER = none.MaxAssignment;
				PRODUCT_NAME = "$(TARGET_NAME)";
				SWIFT_EMIT_LOC_STRINGS = YES;
				SWIFT_VERSION = 5.0;
				TARGETED_DEVICE_FAMILY = "1,2";
			};
			name = Debug;
		};
		4B24BDCE2B068311008DCA88 /* Release */ = {
			isa = XCBuildConfiguration;
			buildSettings = {
				ASSETCATALOG_COMPILER_APPICON_NAME = AppIcon;
				ASSETCATALOG_COMPILER_GLOBAL_ACCENT_COLOR_NAME = AccentColor;
				CODE_SIGN_STYLE = Automatic;
				CURRENT_PROJECT_VERSION = 1;
				DEVELOPMENT_ASSET_PATHS = "\"MaxAssignment/Preview Content\"";
				ENABLE_PREVIEWS = YES;
				GENERATE_INFOPLIST_FILE = YES;
				INFOPLIST_KEY_UIApplicationSceneManifest_Generation = YES;
				INFOPLIST_KEY_UIApplicationSupportsIndirectInputEvents = YES;
				INFOPLIST_KEY_UILaunchScreen_Generation = YES;
				INFOPLIST_KEY_UISupportedInterfaceOrientations_iPad = "UIInterfaceOrientationPortrait UIInterfaceOrientationPortraitUpsideDown UIInterfaceOrientationLandscapeLeft UIInterfaceOrientationLandscapeRight";
				INFOPLIST_KEY_UISupportedInterfaceOrientations_iPhone = "UIInterfaceOrientationPortrait UIInterfaceOrientationLandscapeLeft UIInterfaceOrientationLandscapeRight";
				LD_RUNPATH_SEARCH_PATHS = (
					"$(inherited)",
					"@executable_path/Frameworks",
				);
				MARKETING_VERSION = 1.0;
				PRODUCT_BUNDLE_IDENTIFIER = none.MaxAssignment;
				PRODUCT_NAME = "$(TARGET_NAME)";
				SWIFT_EMIT_LOC_STRINGS = YES;
				SWIFT_VERSION = 5.0;
				TARGETED_DEVICE_FAMILY = "1,2";
			};
			name = Release;
		};
		4B24BDD02B068311008DCA88 /* Debug */ = {
			isa = XCBuildConfiguration;
			buildSettings = {
				ALWAYS_EMBED_SWIFT_STANDARD_LIBRARIES = YES;
				BUNDLE_LOADER = "$(TEST_HOST)";
				CODE_SIGN_STYLE = Automatic;
				CURRENT_PROJECT_VERSION = 1;
				GENERATE_INFOPLIST_FILE = YES;
				IPHONEOS_DEPLOYMENT_TARGET = 16.4;
				MARKETING_VERSION = 1.0;
				PRODUCT_BUNDLE_IDENTIFIER = none.MaxAssignmentTests;
				PRODUCT_NAME = "$(TARGET_NAME)";
				SWIFT_EMIT_LOC_STRINGS = NO;
				SWIFT_VERSION = 5.0;
				TARGETED_DEVICE_FAMILY = "1,2";
				TEST_HOST = "$(BUILT_PRODUCTS_DIR)/MaxAssignment.app/$(BUNDLE_EXECUTABLE_FOLDER_PATH)/MaxAssignment";
			};
			name = Debug;
		};
		4B24BDD12B068311008DCA88 /* Release */ = {
			isa = XCBuildConfiguration;
			buildSettings = {
				ALWAYS_EMBED_SWIFT_STANDARD_LIBRARIES = YES;
				BUNDLE_LOADER = "$(TEST_HOST)";
				CODE_SIGN_STYLE = Automatic;
				CURRENT_PROJECT_VERSION = 1;
				GENERATE_INFOPLIST_FILE = YES;
				IPHONEOS_DEPLOYMENT_TARGET = 16.4;
				MARKETING_VERSION = 1.0;
				PRODUCT_BUNDLE_IDENTIFIER = none.MaxAssignmentTests;
				PRODUCT_NAME = "$(TARGET_NAME)";
				SWIFT_EMIT_LOC_STRINGS = NO;
				SWIFT_VERSION = 5.0;
				TARGETED_DEVICE_FAMILY = "1,2";
				TEST_HOST = "$(BUILT_PRODUCTS_DIR)/MaxAssignment.app/$(BUNDLE_EXECUTABLE_FOLDER_PATH)/MaxAssignment";
			};
			name = Release;
		};
		4B24BDD32B068311008DCA88 /* Debug */ = {
			isa = XCBuildConfiguration;
			buildSettings = {
				ALWAYS_EMBED_SWIFT_STANDARD_LIBRARIES = YES;
				CODE_SIGN_STYLE = Automatic;
				CURRENT_PROJECT_VERSION = 1;
				GENERATE_INFOPLIST_FILE = YES;
				MARKETING_VERSION = 1.0;
				PRODUCT_BUNDLE_IDENTIFIER = none.MaxAssignmentUITests;
				PRODUCT_NAME = "$(TARGET_NAME)";
				SWIFT_EMIT_LOC_STRINGS = NO;
				SWIFT_VERSION = 5.0;
				TARGETED_DEVICE_FAMILY = "1,2";
				TEST_TARGET_NAME = MaxAssignment;
			};
			name = Debug;
		};
		4B24BDD42B068311008DCA88 /* Release */ = {
			isa = XCBuildConfiguration;
			buildSettings = {
				ALWAYS_EMBED_SWIFT_STANDARD_LIBRARIES = YES;
				CODE_SIGN_STYLE = Automatic;
				CURRENT_PROJECT_VERSION = 1;
				GENERATE_INFOPLIST_FILE = YES;
				MARKETING_VERSION = 1.0;
				PRODUCT_BUNDLE_IDENTIFIER = none.MaxAssignmentUITests;
				PRODUCT_NAME = "$(TARGET_NAME)";
				SWIFT_EMIT_LOC_STRINGS = NO;
				SWIFT_VERSION = 5.0;
				TARGETED_DEVICE_FAMILY = "1,2";
				TEST_TARGET_NAME = MaxAssignment;
			};
			name = Release;
		};
/* End XCBuildConfiguration section */

/* Begin XCConfigurationList section */
		4B24BDA32B068310008DCA88 /* Build configuration list for PBXProject "MaxAssignment" */ = {
			isa = XCConfigurationList;
			buildConfigurations = (
				4B24BDCA2B068311008DCA88 /* Debug */,
				4B24BDCB2B068311008DCA88 /* Release */,
			);
			defaultConfigurationIsVisible = 0;
			defaultConfigurationName = Release;
		};
		4B24BDCC2B068311008DCA88 /* Build configuration list for PBXNativeTarget "MaxAssignment" */ = {
			isa = XCConfigurationList;
			buildConfigurations = (
				4B24BDCD2B068311008DCA88 /* Debug */,
				4B24BDCE2B068311008DCA88 /* Release */,
			);
			defaultConfigurationIsVisible = 0;
			defaultConfigurationName = Release;
		};
		4B24BDCF2B068311008DCA88 /* Build configuration list for PBXNativeTarget "MaxAssignmentTests" */ = {
			isa = XCConfigurationList;
			buildConfigurations = (
				4B24BDD02B068311008DCA88 /* Debug */,
				4B24BDD12B068311008DCA88 /* Release */,
			);
			defaultConfigurationIsVisible = 0;
			defaultConfigurationName = Release;
		};
		4B24BDD22B068311008DCA88 /* Build configuration list for PBXNativeTarget "MaxAssignmentUITests" */ = {
			isa = XCConfigurationList;
			buildConfigurations = (
				4B24BDD32B068311008DCA88 /* Debug */,
				4B24BDD42B068311008DCA88 /* Release */,
			);
			defaultConfigurationIsVisible = 0;
			defaultConfigurationName = Release;
		};
/* End XCConfigurationList section */
	};
	rootObject = 4B24BDA02B068310008DCA88 /* Project object */;
}
